// !$*UTF8*$!
{
	archiveVersion = 1;
	classes = {
	};
	objectVersion = 56;
	objects = {

/* Begin PBXBuildFile section */
		A1B2C3D51E1F2A3B4C5D6E7F /* BluePDApp.swift in Sources */ = {isa = PBXBuildFile; fileRef = A1B2C3D61E1F2A3B4C5D6E7F /* BluePDApp.swift */; };
		A1B2C3D71E1F2A3B4C5D6E7F /* ContentView.swift in Sources */ = {isa = PBXBuildFile; fileRef = A1B2C3D81E1F2A3B4C5D6E7F /* ContentView.swift */; };
		A1B2C3D91E1F2A3B4C5D6E7F /* HomeView.swift in Sources */ = {isa = PBXBuildFile; fileRef = A1B2C3DA1E1F2A3B4C5D6E7F /* HomeView.swift */; };
		A1B2C3DB1E1F2A3B4C5D6E7F /* SFSTView.swift in Sources */ = {isa = PBXBuildFile; fileRef = A1B2C3DC1E1F2A3B4C5D6E7F /* SFSTView.swift */; };
		A1B2C3DD1E1F2A3B4C5D6E7F /* MainTabView.swift in Sources */ = {isa = PBXBuildFile; fileRef = A1B2C3DE1E1F2A3B4C5D6E7F /* MainTabView.swift */; };
		A1B2C3DF1E1F2A3B4C5D6E7F /* MirandaView.swift in Sources */ = {isa = PBXBuildFile; fileRef = A1B2C3E01E1F2A3B4C5D6E7F /* MirandaView.swift */; };
		A1B2C3E11E1F2A3B4C5D6E7F /* CaseLawView.swift in Sources */ = {isa = PBXBuildFile; fileRef = A1B2C3E21E1F2A3B4C5D6E7F /* CaseLawView.swift */; };
		A1B2C3E31E1F2A3B4C5D6E7F /* StatesView.swift in Sources */ = {isa = PBXBuildFile; fileRef = A1B2C3E41E1F2A3B4C5D6E7F /* StatesView.swift */; };
		A1B2C3E51E1F2A3B4C5D6E7F /* EvidenceView.swift in Sources */ = {isa = PBXBuildFile; fileRef = A1B2C3E61E1F2A3B4C5D6E7F /* EvidenceView.swift */; };
		A1B2C3E71E1F2A3B4C5D6E7F /* SettingsView.swift in Sources */ = {isa = PBXBuildFile; fileRef = A1B2C3E81E1F2A3B4C5D6E7F /* SettingsView.swift */; };
		A1B2C3E91E1F2A3B4C5D6E7F /* Assets.xcassets in Resources */ = {isa = PBXBuildFile; fileRef = A1B2C3EA1E1F2A3B4C5D6E7F /* Assets.xcassets */; };
		A1B2C3EB1E1F2A3B4C5D6E7F /* SavedSFSTReport.swift in Sources */ = {isa = PBXBuildFile; fileRef = A1B2C3EC1E1F2A3B4C5D6E7F /* SavedSFSTReport.swift */; };
		A1B2C3ED1E1F2A3B4C5D6E7A /* PastReportsView.swift in Sources */ = {isa = PBXBuildFile; fileRef = A1B2C3EE1E1F2A3B4C5D6E7A /* PastReportsView.swift */; };
/* End PBXBuildFile section */

/* Begin PBXFileReference section */
		A1B2C3D21E1F2A3B4C5D6E7F /* BluePD.app */ = {isa = PBXFileReference; explicitFileType = wrapper.application; includeInIndex = 0; path = BluePD.app; sourceTree = BUILT_PRODUCTS_DIR; };
		A1B2C3D61E1F2A3B4C5D6E7F /* BluePDApp.swift */ = {isa = PBXFileReference; lastKnownFileType = sourcecode.swift; path = BluePDApp.swift; sourceTree = "<group>"; };
		A1B2C3D81E1F2A3B4C5D6E7F /* ContentView.swift */ = {isa = PBXFileReference; lastKnownFileType = sourcecode.swift; path = ContentView.swift; sourceTree = "<group>"; };
		A1B2C3DA1E1F2A3B4C5D6E7F /* HomeView.swift */ = {isa = PBXFileReference; lastKnownFileType = sourcecode.swift; path = HomeView.swift; sourceTree = "<group>"; };
		A1B2C3DC1E1F2A3B4C5D6E7F /* SFSTView.swift */ = {isa = PBXFileReference; lastKnownFileType = sourcecode.swift; path = SFSTView.swift; sourceTree = "<group>"; };
		A1B2C3DE1E1F2A3B4C5D6E7F /* MainTabView.swift */ = {isa = PBXFileReference; lastKnownFileType = sourcecode.swift; path = MainTabView.swift; sourceTree = "<group>"; };
		A1B2C3E01E1F2A3B4C5D6E7F /* MirandaView.swift */ = {isa = PBXFileReference; lastKnownFileType = sourcecode.swift; path = MirandaView.swift; sourceTree = "<group>"; };
		A1B2C3E21E1F2A3B4C5D6E7F /* CaseLawView.swift */ = {isa = PBXFileReference; lastKnownFileType = sourcecode.swift; path = CaseLawView.swift; sourceTree = "<group>"; };
		A1B2C3E41E1F2A3B4C5D6E7F /* StatesView.swift */ = {isa = PBXFileReference; lastKnownFileType = sourcecode.swift; path = StatesView.swift; sourceTree = "<group>"; };
		A1B2C3E61E1F2A3B4C5D6E7F /* EvidenceView.swift */ = {isa = PBXFileReference; lastKnownFileType = sourcecode.swift; path = EvidenceView.swift; sourceTree = "<group>"; };
		A1B2C3E81E1F2A3B4C5D6E7F /* SettingsView.swift */ = {isa = PBXFileReference; lastKnownFileType = sourcecode.swift; path = SettingsView.swift; sourceTree = "<group>"; };
		A1B2C3EA1E1F2A3B4C5D6E7F /* Assets.xcassets */ = {isa = PBXFileReference; lastKnownFileType = folder.assetcatalog; path = Assets.xcassets; sourceTree = "<group>"; };
		A1B2C3EC1E1F2A3B4C5D6E7F /* SavedSFSTReport.swift */ = {isa = PBXFileReference; lastKnownFileType = sourcecode.swift; path = SavedSFSTReport.swift; sourceTree = "<group>"; };
		A1B2C3EE1E1F2A3B4C5D6E7A /* PastReportsView.swift */ = {isa = PBXFileReference; lastKnownFileType = sourcecode.swift; path = PastReportsView.swift; sourceTree = "<group>"; };
/* End PBXFileReference section */

/* Begin PBXFrameworksBuildPhase section */
		A1B2C3D31E1F2A3B4C5D6E7F /* Frameworks */ = {
			isa = PBXFrameworksBuildPhase;
			buildActionMask = 2147483647;
			files = (
			);
			runOnlyForDeploymentPostprocessing = 0;
		};
/* End PBXFrameworksBuildPhase section */

/* Begin PBXGroup section */
		A1B2C3CF1E1F2A3B4C5D6E7F = {
			isa = PBXGroup;
			children = (
				A1B2C3D01E1F2A3B4C5D6E7F /* BluePD */,
				A1B2C3D11E1F2A3B4C5D6E7F /* Products */,
			);
			sourceTree = "<group>";
		};
		A1B2C3D01E1F2A3B4C5D6E7F /* BluePD */ = {
			isa = PBXGroup;
			children = (
				A1B2C3D61E1F2A3B4C5D6E7F /* BluePDApp.swift */,
				A1B2C3D81E1F2A3B4C5D6E7F /* ContentView.swift */,
				A1B2C3DA1E1F2A3B4C5D6E7F /* HomeView.swift */,
				A1B2C3DC1E1F2A3B4C5D6E7F /* SFSTView.swift */,
				A1B2C3EC1E1F2A3B4C5D6E7F /* SavedSFSTReport.swift */,
				A1B2C3EE1E1F2A3B4C5D6E7A /* PastReportsView.swift */,
				A1B2C3DE1E1F2A3B4C5D6E7F /* MainTabView.swift */,
				A1B2C3E01E1F2A3B4C5D6E7F /* MirandaView.swift */,
				A1B2C3E21E1F2A3B4C5D6E7F /* CaseLawView.swift */,
				A1B2C3E41E1F2A3B4C5D6E7F /* StatesView.swift */,
				A1B2C3E61E1F2A3B4C5D6E7F /* EvidenceView.swift */,
				A1B2C3E81E1F2A3B4C5D6E7F /* SettingsView.swift */,
				A1B2C3EA1E1F2A3B4C5D6E7F /* Assets.xcassets */,
			);
			path = BluePD;
			sourceTree = "<group>";
		};
		A1B2C3D11E1F2A3B4C5D6E7F /* Products */ = {
			isa = PBXGroup;
			children = (
				A1B2C3D21E1F2A3B4C5D6E7F /* BluePD.app */,
			);
			name = Products;
			sourceTree = "<group>";
		};
/* End PBXGroup section */

/* Begin PBXNativeTarget section */
		A1B2C3D41E1F2A3B4C5D6E7F /* BluePD */ = {
			isa = PBXNativeTarget;
			buildConfigurationList = A1B2C3F11E1F2A3B4C5D6E7F /* Build configuration list for PBXNativeTarget "BluePD" */;
			buildPhases = (
				A1B2C3D51E1F2A3B4C5D6E70 /* Sources */,
				A1B2C3D31E1F2A3B4C5D6E7F /* Frameworks */,
				A1B2C3EB1E1F2A3B4C5D6E7F /* Resources */,
			);
			buildRules = (
			);
			dependencies = (
			);
			name = BluePD;
			productName = BluePD;
			productReference = A1B2C3D21E1F2A3B4C5D6E7F /* BluePD.app */;
			productType = "com.apple.product-type.application";
		};
/* End PBXNativeTarget section */

/* Begin PBXProject section */
		A1B2C3D12E1F2A3B4C5D6E7F /* Project object */ = {
			isa = PBXProject;
			attributes = {
				BuildIndependentTargetsInParallel = 1;
				LastSwiftUpdateCheck = 1500;
				LastUpgradeCheck = 1500;
				TargetAttributes = {
					A1B2C3D41E1F2A3B4C5D6E7F = {
						CreatedOnToolsVersion = 15.0;
						DevelopmentTeam = TP65F453BM;
					};
				};
			};
			buildConfigurationList = A1B2C3ED1E1F2A3B4C5D6E7F /* Build configuration list for PBXProject "BluePD" */;
			compatibilityVersion = "Xcode 14.0";
			developmentRegion = en;
			hasScannedForEncodings = 0;
			knownRegions = (
				en,
				Base,
			);
			mainGroup = A1B2C3CF1E1F2A3B4C5D6E7F;
			productRefGroup = A1B2C3D11E1F2A3B4C5D6E7F /* Products */;
			projectDirPath = "";
			projectRoot = "";
			targets = (
				A1B2C3D41E1F2A3B4C5D6E7F /* BluePD */,
			);
		};
/* End PBXProject section */

/* Begin PBXResourcesBuildPhase section */
		A1B2C3EB1E1F2A3B4C5D6E7F /* Resources */ = {
			isa = PBXResourcesBuildPhase;
			buildActionMask = 2147483647;
			files = (
				A1B2C3E91E1F2A3B4C5D6E7F /* Assets.xcassets in Resources */,
			);
			runOnlyForDeploymentPostprocessing = 0;
		};
/* End PBXResourcesBuildPhase section */

/* Begin PBXSourcesBuildPhase section */
		A1B2C3D51E1F2A3B4C5D6E70 /* Sources */ = {
			isa = PBXSourcesBuildPhase;
			buildActionMask = 2147483647;
			files = (
				A1B2C3D51E1F2A3B4C5D6E7F /* BluePDApp.swift in Sources */,
				A1B2C3D71E1F2A3B4C5D6E7F /* ContentView.swift in Sources */,
				A1B2C3D91E1F2A3B4C5D6E7F /* HomeView.swift in Sources */,
				A1B2C3DB1E1F2A3B4C5D6E7F /* SFSTView.swift in Sources */,
				A1B2C3EB1E1F2A3B4C5D6E7F /* SavedSFSTReport.swift in Sources */,
				A1B2C3ED1E1F2A3B4C5D6E7A /* PastReportsView.swift in Sources */,
				A1B2C3DD1E1F2A3B4C5D6E7F /* MainTabView.swift in Sources */,
				A1B2C3DF1E1F2A3B4C5D6E7F /* MirandaView.swift in Sources */,
				A1B2C3E11E1F2A3B4C5D6E7F /* CaseLawView.swift in Sources */,
				A1B2C3E31E1F2A3B4C5D6E7F /* StatesView.swift in Sources */,
				A1B2C3E51E1F2A3B4C5D6E7F /* EvidenceView.swift in Sources */,
				A1B2C3E71E1F2A3B4C5D6E7F /* SettingsView.swift in Sources */,
			);
			runOnlyForDeploymentPostprocessing = 0;
		};
/* End PBXSourcesBuildPhase section */

/* Begin XCBuildConfiguration section */
		A1B2C3EE1E1F2A3B4C5D6E7F /* Debug */ = {
			isa = XCBuildConfiguration;
			buildSettings = {
				ALWAYS_SEARCH_USER_PATHS = NO;
				CLANG_ENABLE_MODULES = YES;
				CLANG_ENABLE_OBJC_ARC = YES;
				CLANG_WARN_BLOCK_CAPTURE_AUTORELEASING = YES;
				CLANG_WARN_BOOL_CONVERSION = YES;
				CLANG_WARN_COMMA = YES;
				CLANG_WARN_CONSTANT_CONVERSION = YES;
				CLANG_WARN_DEPRECATED_OBJC_IMPLEMENTATIONS = YES;
				CLANG_WARN_DIRECT_OBJC_ISA_USAGE = YES_ERROR;
				CLANG_WARN_DOCUMENTATION_COMMENTS = YES;
				CLANG_WARN_EMPTY_BODY = YES;
				CLANG_WARN_ENUM_CONVERSION = YES;
				CLANG_WARN_INFINITE_RECURSION = YES;
				CLANG_WARN_INT_CONVERSION = YES;
				CLANG_WARN_NON_LITERAL_NULL_CONVERSION = YES;
				CLANG_WARN_OBJC_IMPLICIT_RETAIN_SELF = YES;
				CLANG_WARN_OBJC_LITERAL_CONVERSION = YES;
				CLANG_WARN_OBJC_ROOT_CLASS = YES_ERROR;
				CLANG_WARN_QUOTED_INCLUDE_IN_FRAMEWORK_HEADER = YES;
				CLANG_WARN_RANGE_LOOP_ANALYSIS = YES;
				CLANG_WARN_STRICT_PROTOTYPES = YES;
				CLANG_WARN_SUSPICIOUS_MOVE = YES;
				CLANG_WARN_UNGUARDED_AVAILABILITY = YES_AGGRESSIVE;
				COPY_PHASE_STRIP = NO;
				DEBUG_INFORMATION_FORMAT = dwarf;
				ENABLE_STRICT_OBJC_MSGSEND = YES;
				ENABLE_TESTABILITY = YES;
				GCC_C_LANGUAGE_STANDARD = gnu17;
				GCC_NO_COMMON_BLOCKS = YES;
				GCC_OPTIMIZATION_LEVEL = 0;
				GCC_PREPROCESSOR_DEFINITIONS = (
					"DEBUG=1",
					"$(inherited)",
				);
				GCC_WARN_64_TO_32_BIT_CONVERSION = YES;
				GCC_WARN_ABOUT_RETURN_TYPE = YES_ERROR;
				GCC_WARN_UNDECLARED_SELECTOR = YES;
				GCC_WARN_UNINITIALIZED_AUTOS = YES_AGGRESSIVE;
				GCC_WARN_UNUSED_FUNCTION = YES;
				GCC_WARN_UNUSED_VARIABLE = YES;
				IPHONEOS_DEPLOYMENT_TARGET = 16.0;
				MTL_ENABLE_DEBUG_INFO = INCLUDE_SOURCE;
				MTL_FAST_MATH = YES;
				ONLY_ACTIVE_ARCH = YES;
				SDKROOT = iphoneos;
				SWIFT_ACTIVE_COMPILATION_CONDITIONS = DEBUG;
				SWIFT_OPTIMIZATION_LEVEL = "-Onone";
			};
			name = Debug;
		};
		A1B2C3EF1E1F2A3B4C5D6E7F /* Release */ = {
			isa = XCBuildConfiguration;
			buildSettings = {
				ALWAYS_SEARCH_USER_PATHS = NO;
				CLANG_ENABLE_MODULES = YES;
				CLANG_ENABLE_OBJC_ARC = YES;
				CLANG_WARN_BLOCK_CAPTURE_AUTORELEASING = YES;
				CLANG_WARN_BOOL_CONVERSION = YES;
				CLANG_WARN_COMMA = YES;
				CLANG_WARN_CONSTANT_CONVERSION = YES;
				CLANG_WARN_DEPRECATED_OBJC_IMPLEMENTATIONS = YES;
				CLANG_WARN_DIRECT_OBJC_ISA_USAGE = YES_ERROR;
				CLANG_WARN_DOCUMENTATION_COMMENTS = YES;
				CLANG_WARN_EMPTY_BODY = YES;
				CLANG_WARN_ENUM_CONVERSION = YES;
				CLANG_WARN_INFINITE_RECURSION = YES;
				CLANG_WARN_INT_CONVERSION = YES;
				CLANG_WARN_NON_LITERAL_NULL_CONVERSION = YES;
				CLANG_WARN_OBJC_IMPLICIT_RETAIN_SELF = YES;
				CLANG_WARN_OBJC_LITERAL_CONVERSION = YES;
				CLANG_WARN_OBJC_ROOT_CLASS = YES_ERROR;
				CLANG_WARN_QUOTED_INCLUDE_IN_FRAMEWORK_HEADER = YES;
				CLANG_WARN_RANGE_LOOP_ANALYSIS = YES;
				CLANG_WARN_STRICT_PROTOTYPES = YES;
				CLANG_WARN_SUSPICIOUS_MOVE = YES;
				CLANG_WARN_UNGUARDED_AVAILABILITY = YES_AGGRESSIVE;
				COPY_PHASE_STRIP = NO;
				DEBUG_INFORMATION_FORMAT = "dwarf-with-dsym";
				ENABLE_NS_ASSERTIONS = NO;
				ENABLE_STRICT_OBJC_MSGSEND = YES;
				GCC_C_LANGUAGE_STANDARD = gnu17;
				GCC_NO_COMMON_BLOCKS = YES;
				GCC_WARN_64_TO_32_BIT_CONVERSION = YES;
				GCC_WARN_ABOUT_RETURN_TYPE = YES_ERROR;
				GCC_WARN_UNDECLARED_SELECTOR = YES;
				GCC_WARN_UNINITIALIZED_AUTOS = YES_AGGRESSIVE;
				GCC_WARN_UNUSED_FUNCTION = YES;
				GCC_WARN_UNUSED_VARIABLE = YES;
				IPHONEOS_DEPLOYMENT_TARGET = 16.0;
				MTL_ENABLE_DEBUG_INFO = NO;
				MTL_FAST_MATH = YES;
				SDKROOT = iphoneos;
				SWIFT_COMPILATION_MODE = wholemodule;
				VALIDATE_PRODUCT = YES;
			};
			name = Release;
		};
		A1B2C3F21E1F2A3B4C5D6E7F /* Debug */ = {
			isa = XCBuildConfiguration;
			buildSettings = {
				ASSETCATALOG_COMPILER_APPICON_NAME = AppIcon;
				ASSETCATALOG_COMPILER_GLOBAL_ACCENT_COLOR_NAME = AccentColor;
				CODE_SIGN_STYLE = Automatic;
				CURRENT_PROJECT_VERSION = 100;
				DEVELOPMENT_TEAM = TP65F453BM;
				GENERATE_INFOPLIST_FILE = NO;
				INFOPLIST_FILE = BluePD/Info.plist;
				INFOPLIST_KEY_CFBundleDisplayName = BluePD;
				INFOPLIST_KEY_LSApplicationCategoryType = "public.app-category.utilities";
				INFOPLIST_KEY_NSPhotoLibraryUsageDescription = "BluePD uses your photo library to attach evidence images.";
				INFOPLIST_KEY_UILaunchScreen_Generation = YES;
				INFOPLIST_KEY_UIStatusBarStyle = UIStatusBarStyleDefault;
				IPHONEOS_DEPLOYMENT_TARGET = 16.0;
				LD_RUNPATH_SEARCH_PATHS = (
					"$(inherited)",
					"@executable_path/Frameworks",
				);
				MARKETING_VERSION = 2.0;
				PRODUCT_BUNDLE_IDENTIFIER = com.bluepd.app;
				PRODUCT_NAME = "$(TARGET_NAME)";
				SUPPORTED_PLATFORMS = "iphoneos iphonesimulator";
				SWIFT_EMIT_LOC_STRINGS = YES;
				SWIFT_VERSION = 5.0;
				TARGETED_DEVICE_FAMILY = "1,2";
			};
			name = Debug;
		};
		A1B2C3F31E1F2A3B4C5D6E7F /* Release */ = {
			isa = XCBuildConfiguration;
			buildSettings = {
				ASSETCATALOG_COMPILER_APPICON_NAME = AppIcon;
				ASSETCATALOG_COMPILER_GLOBAL_ACCENT_COLOR_NAME = AccentColor;
				CODE_SIGN_STYLE = Automatic;
				CURRENT_PROJECT_VERSION = 100;
				DEVELOPMENT_TEAM = TP65F453BM;
				GENERATE_INFOPLIST_FILE = NO;
				INFOPLIST_FILE = BluePD/Info.plist;
				INFOPLIST_KEY_CFBundleDisplayName = BluePD;
				INFOPLIST_KEY_LSApplicationCategoryType = "public.app-category.utilities";
				INFOPLIST_KEY_NSPhotoLibraryUsageDescription = "BluePD uses your photo library to attach evidence images.";
				INFOPLIST_KEY_UILaunchScreen_Generation = YES;
				INFOPLIST_KEY_UIStatusBarStyle = UIStatusBarStyleDefault;
				IPHONEOS_DEPLOYMENT_TARGET = 16.0;
				LD_RUNPATH_SEARCH_PATHS = (
					"$(inherited)",
					"@executable_path/Frameworks",
				);
				MARKETING_VERSION = 2.0;
				PRODUCT_BUNDLE_IDENTIFIER = com.bluepd.app;
				PRODUCT_NAME = "$(TARGET_NAME)";
				SUPPORTED_PLATFORMS = "iphoneos iphonesimulator";
				SWIFT_EMIT_LOC_STRINGS = YES;
				SWIFT_VERSION = 5.0;
				TARGETED_DEVICE_FAMILY = "1,2";
			};
			name = Release;
		};
/* End XCBuildConfiguration section */

/* Begin XCConfigurationList section */
		A1B2C3ED1E1F2A3B4C5D6E7F /* Build configuration list for PBXProject "BluePD" */ = {
			isa = XCConfigurationList;
			buildConfigurations = (
				A1B2C3EE1E1F2A3B4C5D6E7F /* Debug */,
				A1B2C3EF1E1F2A3B4C5D6E7F /* Release */,
			);
			defaultConfigurationIsVisible = 0;
			defaultConfigurationName = Release;
		};
		A1B2C3F11E1F2A3B4C5D6E7F /* Build configuration list for PBXNativeTarget "BluePD" */ = {
			isa = XCConfigurationList;
			buildConfigurations = (
				A1B2C3F21E1F2A3B4C5D6E7F /* Debug */,
				A1B2C3F31E1F2A3B4C5D6E7F /* Release */,
			);
			defaultConfigurationIsVisible = 0;
			defaultConfigurationName = Release;
		};
/* End XCConfigurationList section */
	};
	rootObject = A1B2C3D12E1F2A3B4C5D6E7F /* Project object */;
}
